
Microsoft Visual Studio Solution File, Format Version 12.00
# Visual Studio Version 17
VisualStudioVersion = 17.6.33815.320
MinimumVisualStudioVersion = 10.0.40219.1
Project("{FAE04EC0-301F-11D3-BF4B-00C04F79EFBC}") = "ConsoleAppAssignment", "ConsoleAppAssignment\ConsoleAppAssignment.csproj", "{C43064F8-32B3-4FBF-B537-AF45C40889A9}"
EndProject
Global
	GlobalSection(SolutionConfigurationPlatforms) = preSolution
		Debug|Any CPU = Debug|Any CPU
		Release|Any CPU = Release|Any CPU
	EndGlobalSection
	GlobalSection(ProjectConfigurationPlatforms) = postSolution
		{C43064F8-32B3-4FBF-B537-AF45C40889A9}.Debug|Any CPU.ActiveCfg = Debug|Any CPU
		{C43064F8-32B3-4FBF-B537-AF45C40889A9}.Debug|Any CPU.Build.0 = Debug|Any CPU
		{C43064F8-32B3-4FBF-B537-AF45C40889A9}.Release|Any CPU.ActiveCfg = Release|Any CPU
		{C43064F8-32B3-4FBF-B537-AF45C40889A9}.Release|Any CPU.Build.0 = Release|Any CPU
	EndGlobalSection
	GlobalSection(SolutionProperties) = preSolution
		HideSolutionNode = FALSE
	EndGlobalSection
	GlobalSection(ExtensibilityGlobals) = postSolution
		SolutionGuid = {7783B078-29DB-4209-A42C-80D044D86A81}
	EndGlobalSection
EndGlobal
